
Microsoft Visual Studio Solution File, Format Version 12.00
# Visual Studio 15
VisualStudioVersion = 15.0.27703.2042
MinimumVisualStudioVersion = 10.0.40219.1
Project("{FAE04EC0-301F-11D3-BF4B-00C04F79EFBC}") = "RidgeRibbon", "RidgeRibbon\RidgeRibbon.csproj", "{A6BE1753-ADAB-4D45-A72E-0D64E35079AC}"
EndProject
Global
	GlobalSection(SolutionConfigurationPlatforms) = preSolution
		2016|Any CPU = 2016|Any CPU
		2017|Any CPU = 2017|Any CPU
		2018|Any CPU = 2018|Any CPU
		Debug|Any CPU = Debug|Any CPU
		Release|Any CPU = Release|Any CPU
	EndGlobalSection
	GlobalSection(ProjectConfigurationPlatforms) = postSolution
		{A6BE1753-ADAB-4D45-A72E-0D64E35079AC}.2016|Any CPU.ActiveCfg = 2016|Any CPU
		{A6BE1753-ADAB-4D45-A72E-0D64E35079AC}.2016|Any CPU.Build.0 = 2016|Any CPU
		{A6BE1753-ADAB-4D45-A72E-0D64E35079AC}.2017|Any CPU.ActiveCfg = 2017|Any CPU
		{A6BE1753-ADAB-4D45-A72E-0D64E35079AC}.2017|Any CPU.Build.0 = 2017|Any CPU
		{A6BE1753-ADAB-4D45-A72E-0D64E35079AC}.2018|Any CPU.ActiveCfg = 2018|Any CPU
		{A6BE1753-ADAB-4D45-A72E-0D64E35079AC}.2018|Any CPU.Build.0 = 2018|Any CPU
		{A6BE1753-ADAB-4D45-A72E-0D64E35079AC}.Debug|Any CPU.ActiveCfg = Debug|Any CPU
		{A6BE1753-ADAB-4D45-A72E-0D64E35079AC}.Debug|Any CPU.Build.0 = Debug|Any CPU
		{A6BE1753-ADAB-4D45-A72E-0D64E35079AC}.Release|Any CPU.ActiveCfg = Release|Any CPU
		{A6BE1753-ADAB-4D45-A72E-0D64E35079AC}.Release|Any CPU.Build.0 = Release|Any CPU
	EndGlobalSection
	GlobalSection(SolutionProperties) = preSolution
		HideSolutionNode = FALSE
	EndGlobalSection
	GlobalSection(ExtensibilityGlobals) = postSolution
		SolutionGuid = {FDB26128-744C-4AAC-90D0-EB7BABE0D0FD}
	EndGlobalSection
EndGlobal
